Microsoft Visual Studio Solution File, Format Version 12.00
# Visual Studio Version 17
VisualStudioVersion = 17.3.32825.248
MinimumVisualStudioVersion = 10.0.40219.1
Project("{FAE04EC0-301F-11D3-BF4B-00C04F79EFBC}") = "YoutubeSolution.Android", "YoutubeSolution.Android\YoutubeSolution.Android.csproj", "{97BE6174-05B8-4775-A84C-E8E25F03465E}"
EndProject
Project("{FAE04EC0-301F-11D3-BF4B-00C04F79EFBC}") = "YoutubeSolution.iOS", "YoutubeSolution.iOS\YoutubeSolution.iOS.csproj", "{093D9411-1364-4031-8056-4E55502FBA93}"
EndProject
Project("{9A19103F-16F7-4668-BE54-9A1E7A4F7556}") = "YoutubeSolution", "YoutubeSolution\YoutubeSolution.csproj", "{4208AF00-FA69-4F31-95A0-416D2F24CB7E}"
EndProject
Global
	GlobalSection(SolutionConfigurationPlatforms) = preSolution
		Debug|Any CPU = Debug|Any CPU
		Debug|iPhone = Debug|iPhone
		Debug|iPhoneSimulator = Debug|iPhoneSimulator
		Release|Any CPU = Release|Any CPU
		Release|iPhone = Release|iPhone
		Release|iPhoneSimulator = Release|iPhoneSimulator
	EndGlobalSection
	GlobalSection(ProjectConfigurationPlatforms) = postSolution
		{97BE6174-05B8-4775-A84C-E8E25F03465E}.Debug|Any CPU.ActiveCfg = Debug|Any CPU
		{97BE6174-05B8-4775-A84C-E8E25F03465E}.Debug|Any CPU.Build.0 = Debug|Any CPU
		{97BE6174-05B8-4775-A84C-E8E25F03465E}.Debug|Any CPU.Deploy.0 = Debug|Any CPU
		{97BE6174-05B8-4775-A84C-E8E25F03465E}.Debug|iPhone.ActiveCfg = Debug|Any CPU
		{97BE6174-05B8-4775-A84C-E8E25F03465E}.Debug|iPhone.Build.0 = Debug|Any CPU
		{97BE6174-05B8-4775-A84C-E8E25F03465E}.Debug|iPhoneSimulator.ActiveCfg = Debug|Any CPU
		{97BE6174-05B8-4775-A84C-E8E25F03465E}.Debug|iPhoneSimulator.Build.0 = Debug|Any CPU
		{97BE6174-05B8-4775-A84C-E8E25F03465E}.Release|Any CPU.ActiveCfg = Release|Any CPU
		{97BE6174-05B8-4775-A84C-E8E25F03465E}.Release|Any CPU.Build.0 = Release|Any CPU
		{97BE6174-05B8-4775-A84C-E8E25F03465E}.Release|iPhone.ActiveCfg = Release|Any CPU
		{97BE6174-05B8-4775-A84C-E8E25F03465E}.Release|iPhone.Build.0 = Release|Any CPU
		{97BE6174-05B8-4775-A84C-E8E25F03465E}.Release|iPhoneSimulator.ActiveCfg = Release|Any CPU
		{97BE6174-05B8-4775-A84C-E8E25F03465E}.Release|iPhoneSimulator.Build.0 = Release|Any CPU
		{093D9411-1364-4031-8056-4E55502FBA93}.Debug|Any CPU.ActiveCfg = Debug|iPhoneSimulator
		{093D9411-1364-4031-8056-4E55502FBA93}.Debug|Any CPU.Build.0 = Debug|iPhoneSimulator
		{093D9411-1364-4031-8056-4E55502FBA93}.Debug|iPhone.ActiveCfg = Debug|iPhone
		{093D9411-1364-4031-8056-4E55502FBA93}.Debug|iPhone.Build.0 = Debug|iPhone
		{093D9411-1364-4031-8056-4E55502FBA93}.Debug|iPhoneSimulator.ActiveCfg = Debug|iPhoneSimulator
		{093D9411-1364-4031-8056-4E55502FBA93}.Debug|iPhoneSimulator.Build.0 = Debug|iPhoneSimulator
		{093D9411-1364-4031-8056-4E55502FBA93}.Release|Any CPU.ActiveCfg = Release|iPhoneSimulator
		{093D9411-1364-4031-8056-4E55502FBA93}.Release|Any CPU.Build.0 = Release|iPhoneSimulator
		{093D9411-1364-4031-8056-4E55502FBA93}.Release|iPhone.ActiveCfg = Release|iPhone
		{093D9411-1364-4031-8056-4E55502FBA93}.Release|iPhone.Build.0 = Release|iPhone
		{093D9411-1364-4031-8056-4E55502FBA93}.Release|iPhoneSimulator.ActiveCfg = Release|iPhoneSimulator
		{093D9411-1364-4031-8056-4E55502FBA93}.Release|iPhoneSimulator.Build.0 = Release|iPhoneSimulator
		{4208AF00-FA69-4F31-95A0-416D2F24CB7E}.Debug|Any CPU.ActiveCfg = Debug|Any CPU
		{4208AF00-FA69-4F31-95A0-416D2F24CB7E}.Debug|Any CPU.Build.0 = Debug|Any CPU
		{4208AF00-FA69-4F31-95A0-416D2F24CB7E}.Debug|iPhone.ActiveCfg = Debug|Any CPU
		{4208AF00-FA69-4F31-95A0-416D2F24CB7E}.Debug|iPhone.Build.0 = Debug|Any CPU
		{4208AF00-FA69-4F31-95A0-416D2F24CB7E}.Debug|iPhoneSimulator.ActiveCfg = Debug|Any CPU
		{4208AF00-FA69-4F31-95A0-416D2F24CB7E}.Debug|iPhoneSimulator.Build.0 = Debug|Any CPU
		{4208AF00-FA69-4F31-95A0-416D2F24CB7E}.Release|Any CPU.ActiveCfg = Release|Any CPU
		{4208AF00-FA69-4F31-95A0-416D2F24CB7E}.Release|Any CPU.Build.0 = Release|Any CPU
		{4208AF00-FA69-4F31-95A0-416D2F24CB7E}.Release|iPhone.ActiveCfg = Release|Any CPU
		{4208AF00-FA69-4F31-95A0-416D2F24CB7E}.Release|iPhone.Build.0 = Release|Any CPU
		{4208AF00-FA69-4F31-95A0-416D2F24CB7E}.Release|iPhoneSimulator.ActiveCfg = Release|Any CPU
		{4208AF00-FA69-4F31-95A0-416D2F24CB7E}.Release|iPhoneSimulator.Build.0 = Release|Any CPU
	EndGlobalSection
	GlobalSection(SolutionProperties) = preSolution
		HideSolutionNode = FALSE
	EndGlobalSection
	GlobalSection(ExtensibilityGlobals) = postSolution
		SolutionGuid = {D13F8DA3-44D9-4F15-8FC1-B90E59E70E81}
	EndGlobalSection
EndGlobal
